// !$*UTF8*$!
{
	archiveVersion = 1;
	classes = {
	};
	objectVersion = 50;
	objects = {

/* Begin PBXBuildFile section */
		A13547BE21E69C5D0045C5F0 /* APIController.swift in Sources */ = {isa = PBXBuildFile; fileRef = A13547BD21E69C5D0045C5F0 /* APIController.swift */; };
		A13547C021E69D160045C5F0 /* User.swift in Sources */ = {isa = PBXBuildFile; fileRef = A13547BF21E69D160045C5F0 /* User.swift */; };
		A13547C421E6D06D0045C5F0 /* Response.swift in Sources */ = {isa = PBXBuildFile; fileRef = A13547C321E6D06D0045C5F0 /* Response.swift */; };
		A13547C721E6D0C70045C5F0 /* Team.swift in Sources */ = {isa = PBXBuildFile; fileRef = A13547C621E6D0C70045C5F0 /* Team.swift */; };
		A13547CA21E6D32B0045C5F0 /* HTTPMethod.swift in Sources */ = {isa = PBXBuildFile; fileRef = A13547C921E6D32B0045C5F0 /* HTTPMethod.swift */; };
		A13547CC21E6DE620045C5F0 /* Response+Mapping.swift in Sources */ = {isa = PBXBuildFile; fileRef = A13547CB21E6DE620045C5F0 /* Response+Mapping.swift */; };
		F1B7E58B21E547450096FC6F /* AppDelegate.swift in Sources */ = {isa = PBXBuildFile; fileRef = F1B7E58A21E547450096FC6F /* AppDelegate.swift */; };
		F1B7E58D21E547450096FC6F /* ViewController.swift in Sources */ = {isa = PBXBuildFile; fileRef = F1B7E58C21E547450096FC6F /* ViewController.swift */; };
		F1B7E59021E547450096FC6F /* Main.storyboard in Resources */ = {isa = PBXBuildFile; fileRef = F1B7E58E21E547450096FC6F /* Main.storyboard */; };
		F1B7E59221E547460096FC6F /* Assets.xcassets in Resources */ = {isa = PBXBuildFile; fileRef = F1B7E59121E547460096FC6F /* Assets.xcassets */; };
		F1B7E59521E547460096FC6F /* LaunchScreen.storyboard in Resources */ = {isa = PBXBuildFile; fileRef = F1B7E59321E547460096FC6F /* LaunchScreen.storyboard */; };
/* End PBXBuildFile section */

/* Begin PBXFileReference section */
		A13547BD21E69C5D0045C5F0 /* APIController.swift */ = {isa = PBXFileReference; lastKnownFileType = sourcecode.swift; path = APIController.swift; sourceTree = "<group>"; };
		A13547BF21E69D160045C5F0 /* User.swift */ = {isa = PBXFileReference; lastKnownFileType = sourcecode.swift; path = User.swift; sourceTree = "<group>"; };
		A13547C321E6D06D0045C5F0 /* Response.swift */ = {isa = PBXFileReference; lastKnownFileType = sourcecode.swift; path = Response.swift; sourceTree = "<group>"; };
		A13547C621E6D0C70045C5F0 /* Team.swift */ = {isa = PBXFileReference; lastKnownFileType = sourcecode.swift; path = Team.swift; sourceTree = "<group>"; };
		A13547C921E6D32B0045C5F0 /* HTTPMethod.swift */ = {isa = PBXFileReference; lastKnownFileType = sourcecode.swift; path = HTTPMethod.swift; sourceTree = "<group>"; };
		A13547CB21E6DE620045C5F0 /* Response+Mapping.swift */ = {isa = PBXFileReference; lastKnownFileType = sourcecode.swift; path = "Response+Mapping.swift"; sourceTree = "<group>"; };
		F1B7E58721E547450096FC6F /* Sentiment Bot.app */ = {isa = PBXFileReference; explicitFileType = wrapper.application; includeInIndex = 0; path = "Sentiment Bot.app"; sourceTree = BUILT_PRODUCTS_DIR; };
		F1B7E58A21E547450096FC6F /* AppDelegate.swift */ = {isa = PBXFileReference; lastKnownFileType = sourcecode.swift; path = AppDelegate.swift; sourceTree = "<group>"; };
		F1B7E58C21E547450096FC6F /* ViewController.swift */ = {isa = PBXFileReference; lastKnownFileType = sourcecode.swift; path = ViewController.swift; sourceTree = "<group>"; };
		F1B7E58F21E547450096FC6F /* Base */ = {isa = PBXFileReference; lastKnownFileType = file.storyboard; name = Base; path = Base.lproj/Main.storyboard; sourceTree = "<group>"; };
		F1B7E59121E547460096FC6F /* Assets.xcassets */ = {isa = PBXFileReference; lastKnownFileType = folder.assetcatalog; path = Assets.xcassets; sourceTree = "<group>"; };
		F1B7E59421E547460096FC6F /* Base */ = {isa = PBXFileReference; lastKnownFileType = file.storyboard; name = Base; path = Base.lproj/LaunchScreen.storyboard; sourceTree = "<group>"; };
		F1B7E59621E547460096FC6F /* Info.plist */ = {isa = PBXFileReference; lastKnownFileType = text.plist.xml; path = Info.plist; sourceTree = "<group>"; };
/* End PBXFileReference section */

/* Begin PBXFrameworksBuildPhase section */
		F1B7E58421E547450096FC6F /* Frameworks */ = {
			isa = PBXFrameworksBuildPhase;
			buildActionMask = 2147483647;
			files = (
			);
			runOnlyForDeploymentPostprocessing = 0;
		};
/* End PBXFrameworksBuildPhase section */

/* Begin PBXGroup section */
		A13547C521E6D0750045C5F0 /* Models */ = {
			isa = PBXGroup;
			children = (
				A13547BF21E69D160045C5F0 /* User.swift */,
				A13547C321E6D06D0045C5F0 /* Response.swift */,
				A13547C621E6D0C70045C5F0 /* Team.swift */,
				A13547CB21E6DE620045C5F0 /* Response+Mapping.swift */,
			);
			path = Models;
			sourceTree = "<group>";
		};
		A13547C821E6D3170045C5F0 /* Enums */ = {
			isa = PBXGroup;
			children = (
				A13547C921E6D32B0045C5F0 /* HTTPMethod.swift */,
			);
			path = Enums;
			sourceTree = "<group>";
		};
		F1B7E57E21E547450096FC6F = {
			isa = PBXGroup;
			children = (
				F1B7E58921E547450096FC6F /* Sentiment Bot */,
				F1B7E58821E547450096FC6F /* Products */,
			);
			sourceTree = "<group>";
		};
		F1B7E58821E547450096FC6F /* Products */ = {
			isa = PBXGroup;
			children = (
				F1B7E58721E547450096FC6F /* Sentiment Bot.app */,
			);
			name = Products;
			sourceTree = "<group>";
		};
		F1B7E58921E547450096FC6F /* Sentiment Bot */ = {
			isa = PBXGroup;
			children = (
				A13547C821E6D3170045C5F0 /* Enums */,
				A13547C521E6D0750045C5F0 /* Models */,
				F1B7E58A21E547450096FC6F /* AppDelegate.swift */,
				F1B7E58C21E547450096FC6F /* ViewController.swift */,
				F1B7E58E21E547450096FC6F /* Main.storyboard */,
				F1B7E59121E547460096FC6F /* Assets.xcassets */,
				F1B7E59321E547460096FC6F /* LaunchScreen.storyboard */,
				F1B7E59621E547460096FC6F /* Info.plist */,
				A13547BD21E69C5D0045C5F0 /* APIController.swift */,
			);
			path = "Sentiment Bot";
			sourceTree = "<group>";
		};
/* End PBXGroup section */

/* Begin PBXNativeTarget section */
		F1B7E58621E547450096FC6F /* Sentiment Bot */ = {
			isa = PBXNativeTarget;
			buildConfigurationList = F1B7E59921E547460096FC6F /* Build configuration list for PBXNativeTarget "Sentiment Bot" */;
			buildPhases = (
				F1B7E58321E547450096FC6F /* Sources */,
				F1B7E58421E547450096FC6F /* Frameworks */,
				F1B7E58521E547450096FC6F /* Resources */,
			);
			buildRules = (
			);
			dependencies = (
			);
			name = "Sentiment Bot";
			productName = "Sentiment Bot";
			productReference = F1B7E58721E547450096FC6F /* Sentiment Bot.app */;
			productType = "com.apple.product-type.application";
		};
/* End PBXNativeTarget section */

/* Begin PBXProject section */
		F1B7E57F21E547450096FC6F /* Project object */ = {
			isa = PBXProject;
			attributes = {
				LastSwiftUpdateCheck = 1010;
				LastUpgradeCheck = 1010;
				ORGANIZATIONNAME = "Scott Bennett";
				TargetAttributes = {
					F1B7E58621E547450096FC6F = {
						CreatedOnToolsVersion = 10.1;
					};
				};
			};
			buildConfigurationList = F1B7E58221E547450096FC6F /* Build configuration list for PBXProject "Sentiment Bot" */;
			compatibilityVersion = "Xcode 9.3";
			developmentRegion = en;
			hasScannedForEncodings = 0;
			knownRegions = (
				en,
				Base,
			);
			mainGroup = F1B7E57E21E547450096FC6F;
			productRefGroup = F1B7E58821E547450096FC6F /* Products */;
			projectDirPath = "";
			projectRoot = "";
			targets = (
				F1B7E58621E547450096FC6F /* Sentiment Bot */,
			);
		};
/* End PBXProject section */

/* Begin PBXResourcesBuildPhase section */
		F1B7E58521E547450096FC6F /* Resources */ = {
			isa = PBXResourcesBuildPhase;
			buildActionMask = 2147483647;
			files = (
				F1B7E59521E547460096FC6F /* LaunchScreen.storyboard in Resources */,
				F1B7E59221E547460096FC6F /* Assets.xcassets in Resources */,
				F1B7E59021E547450096FC6F /* Main.storyboard in Resources */,
			);
			runOnlyForDeploymentPostprocessing = 0;
		};
/* End PBXResourcesBuildPhase section */

/* Begin PBXSourcesBuildPhase section */
		F1B7E58321E547450096FC6F /* Sources */ = {
			isa = PBXSourcesBuildPhase;
			buildActionMask = 2147483647;
			files = (
				A13547C721E6D0C70045C5F0 /* Team.swift in Sources */,
				A13547C021E69D160045C5F0 /* User.swift in Sources */,
				A13547CA21E6D32B0045C5F0 /* HTTPMethod.swift in Sources */,
				F1B7E58D21E547450096FC6F /* ViewController.swift in Sources */,
				F1B7E58B21E547450096FC6F /* AppDelegate.swift in Sources */,
				A13547BE21E69C5D0045C5F0 /* APIController.swift in Sources */,
				A13547C421E6D06D0045C5F0 /* Response.swift in Sources */,
				A13547CC21E6DE620045C5F0 /* Response+Mapping.swift in Sources */,
			);
			runOnlyForDeploymentPostprocessing = 0;
		};
/* End PBXSourcesBuildPhase section */

/* Begin PBXVariantGroup section */
		F1B7E58E21E547450096FC6F /* Main.storyboard */ = {
			isa = PBXVariantGroup;
			children = (
				F1B7E58F21E547450096FC6F /* Base */,
			);
			name = Main.storyboard;
			sourceTree = "<group>";
		};
		F1B7E59321E547460096FC6F /* LaunchScreen.storyboard */ = {
			isa = PBXVariantGroup;
			children = (
				F1B7E59421E547460096FC6F /* Base */,
			);
			name = LaunchScreen.storyboard;
			sourceTree = "<group>";
		};
/* End PBXVariantGroup section */

/* Begin XCBuildConfiguration section */
		F1B7E59721E547460096FC6F /* Debug */ = {
			isa = XCBuildConfiguration;
			buildSettings = {
				ALWAYS_SEARCH_USER_PATHS = NO;
				CLANG_ANALYZER_NONNULL = YES;
				CLANG_ANALYZER_NUMBER_OBJECT_CONVERSION = YES_AGGRESSIVE;
				CLANG_CXX_LANGUAGE_STANDARD = "gnu++14";
				CLANG_CXX_LIBRARY = "libc++";
				CLANG_ENABLE_MODULES = YES;
				CLANG_ENABLE_OBJC_ARC = YES;
				CLANG_ENABLE_OBJC_WEAK = YES;
				CLANG_WARN_BLOCK_CAPTURE_AUTORELEASING = YES;
				CLANG_WARN_BOOL_CONVERSION = YES;
				CLANG_WARN_COMMA = YES;
				CLANG_WARN_CONSTANT_CONVERSION = YES;
				CLANG_WARN_DEPRECATED_OBJC_IMPLEMENTATIONS = YES;
				CLANG_WARN_DIRECT_OBJC_ISA_USAGE = YES_ERROR;
				CLANG_WARN_DOCUMENTATION_COMMENTS = YES;
				CLANG_WARN_EMPTY_BODY = YES;
				CLANG_WARN_ENUM_CONVERSION = YES;
				CLANG_WARN_INFINITE_RECURSION = YES;
				CLANG_WARN_INT_CONVERSION = YES;
				CLANG_WARN_NON_LITERAL_NULL_CONVERSION = YES;
				CLANG_WARN_OBJC_IMPLICIT_RETAIN_SELF = YES;
				CLANG_WARN_OBJC_LITERAL_CONVERSION = YES;
				CLANG_WARN_OBJC_ROOT_CLASS = YES_ERROR;
				CLANG_WARN_RANGE_LOOP_ANALYSIS = YES;
				CLANG_WARN_STRICT_PROTOTYPES = YES;
				CLANG_WARN_SUSPICIOUS_MOVE = YES;
				CLANG_WARN_UNGUARDED_AVAILABILITY = YES_AGGRESSIVE;
				CLANG_WARN_UNREACHABLE_CODE = YES;
				CLANG_WARN__DUPLICATE_METHOD_MATCH = YES;
				CODE_SIGN_IDENTITY = "iPhone Developer";
				COPY_PHASE_STRIP = NO;
				DEBUG_INFORMATION_FORMAT = dwarf;
				ENABLE_STRICT_OBJC_MSGSEND = YES;
				ENABLE_TESTABILITY = YES;
				GCC_C_LANGUAGE_STANDARD = gnu11;
				GCC_DYNAMIC_NO_PIC = NO;
				GCC_NO_COMMON_BLOCKS = YES;
				GCC_OPTIMIZATION_LEVEL = 0;
				GCC_PREPROCESSOR_DEFINITIONS = (
					"DEBUG=1",
					"$(inherited)",
				);
				GCC_WARN_64_TO_32_BIT_CONVERSION = YES;
				GCC_WARN_ABOUT_RETURN_TYPE = YES_ERROR;
				GCC_WARN_UNDECLARED_SELECTOR = YES;
				GCC_WARN_UNINITIALIZED_AUTOS = YES_AGGRESSIVE;
				GCC_WARN_UNUSED_FUNCTION = YES;
				GCC_WARN_UNUSED_VARIABLE = YES;
				IPHONEOS_DEPLOYMENT_TARGET = 12.1;
				MTL_ENABLE_DEBUG_INFO = INCLUDE_SOURCE;
				MTL_FAST_MATH = YES;
				ONLY_ACTIVE_ARCH = YES;
				SDKROOT = iphoneos;
				SWIFT_ACTIVE_COMPILATION_CONDITIONS = DEBUG;
				SWIFT_OPTIMIZATION_LEVEL = "-Onone";
			};
			name = Debug;
		};
		F1B7E59821E547460096FC6F /* Release */ = {
			isa = XCBuildConfiguration;
			buildSettings = {
				ALWAYS_SEARCH_USER_PATHS = NO;
				CLANG_ANALYZER_NONNULL = YES;
				CLANG_ANALYZER_NUMBER_OBJECT_CONVERSION = YES_AGGRESSIVE;
				CLANG_CXX_LANGUAGE_STANDARD = "gnu++14";
				CLANG_CXX_LIBRARY = "libc++";
				CLANG_ENABLE_MODULES = YES;
				CLANG_ENABLE_OBJC_ARC = YES;
				CLANG_ENABLE_OBJC_WEAK = YES;
				CLANG_WARN_BLOCK_CAPTURE_AUTORELEASING = YES;
				CLANG_WARN_BOOL_CONVERSION = YES;
				CLANG_WARN_COMMA = YES;
				CLANG_WARN_CONSTANT_CONVERSION = YES;
				CLANG_WARN_DEPRECATED_OBJC_IMPLEMENTATIONS = YES;
				CLANG_WARN_DIRECT_OBJC_ISA_USAGE = YES_ERROR;
				CLANG_WARN_DOCUMENTATION_COMMENTS = YES;
				CLANG_WARN_EMPTY_BODY = YES;
				CLANG_WARN_ENUM_CONVERSION = YES;
				CLANG_WARN_INFINITE_RECURSION = YES;
				CLANG_WARN_INT_CONVERSION = YES;
				CLANG_WARN_NON_LITERAL_NULL_CONVERSION = YES;
				CLANG_WARN_OBJC_IMPLICIT_RETAIN_SELF = YES;
				CLANG_WARN_OBJC_LITERAL_CONVERSION = YES;
				CLANG_WARN_OBJC_ROOT_CLASS = YES_ERROR;
				CLANG_WARN_RANGE_LOOP_ANALYSIS = YES;
				CLANG_WARN_STRICT_PROTOTYPES = YES;
				CLANG_WARN_SUSPICIOUS_MOVE = YES;
				CLANG_WARN_UNGUARDED_AVAILABILITY = YES_AGGRESSIVE;
				CLANG_WARN_UNREACHABLE_CODE = YES;
				CLANG_WARN__DUPLICATE_METHOD_MATCH = YES;
				CODE_SIGN_IDENTITY = "iPhone Developer";
				COPY_PHASE_STRIP = NO;
				DEBUG_INFORMATION_FORMAT = "dwarf-with-dsym";
				ENABLE_NS_ASSERTIONS = NO;
				ENABLE_STRICT_OBJC_MSGSEND = YES;
				GCC_C_LANGUAGE_STANDARD = gnu11;
				GCC_NO_COMMON_BLOCKS = YES;
				GCC_WARN_64_TO_32_BIT_CONVERSION = YES;
				GCC_WARN_ABOUT_RETURN_TYPE = YES_ERROR;
				GCC_WARN_UNDECLARED_SELECTOR = YES;
				GCC_WARN_UNINITIALIZED_AUTOS = YES_AGGRESSIVE;
				GCC_WARN_UNUSED_FUNCTION = YES;
				GCC_WARN_UNUSED_VARIABLE = YES;
				IPHONEOS_DEPLOYMENT_TARGET = 12.1;
				MTL_ENABLE_DEBUG_INFO = NO;
				MTL_FAST_MATH = YES;
				SDKROOT = iphoneos;
				SWIFT_COMPILATION_MODE = wholemodule;
				SWIFT_OPTIMIZATION_LEVEL = "-O";
				VALIDATE_PRODUCT = YES;
			};
			name = Release;
		};
		F1B7E59A21E547460096FC6F /* Debug */ = {
			isa = XCBuildConfiguration;
			buildSettings = {
				ASSETCATALOG_COMPILER_APPICON_NAME = AppIcon;
				CODE_SIGN_STYLE = Automatic;
				DEVELOPMENT_TEAM = "";
				INFOPLIST_FILE = "Sentiment Bot/Info.plist";
				IPHONEOS_DEPLOYMENT_TARGET = 12.1;
				LD_RUNPATH_SEARCH_PATHS = (
					"$(inherited)",
					"@executable_path/Frameworks",
				);
				PRODUCT_BUNDLE_IDENTIFIER = "com.expertservices.Sentiment-Bot";
				PRODUCT_NAME = "$(TARGET_NAME)";
				SWIFT_VERSION = 4.2;
				TARGETED_DEVICE_FAMILY = "1,2";
			};
			name = Debug;
		};
		F1B7E59B21E547460096FC6F /* Release */ = {
			isa = XCBuildConfiguration;
			buildSettings = {
				ASSETCATALOG_COMPILER_APPICON_NAME = AppIcon;
				CODE_SIGN_STYLE = Automatic;
				DEVELOPMENT_TEAM = "";
				INFOPLIST_FILE = "Sentiment Bot/Info.plist";
				IPHONEOS_DEPLOYMENT_TARGET = 12.1;
				LD_RUNPATH_SEARCH_PATHS = (
					"$(inherited)",
					"@executable_path/Frameworks",
				);
				PRODUCT_BUNDLE_IDENTIFIER = "com.expertservices.Sentiment-Bot";
				PRODUCT_NAME = "$(TARGET_NAME)";
				SWIFT_VERSION = 4.2;
				TARGETED_DEVICE_FAMILY = "1,2";
			};
			name = Release;
		};
/* End XCBuildConfiguration section */

/* Begin XCConfigurationList section */
		F1B7E58221E547450096FC6F /* Build configuration list for PBXProject "Sentiment Bot" */ = {
			isa = XCConfigurationList;
			buildConfigurations = (
				F1B7E59721E547460096FC6F /* Debug */,
				F1B7E59821E547460096FC6F /* Release */,
			);
			defaultConfigurationIsVisible = 0;
			defaultConfigurationName = Release;
		};
		F1B7E59921E547460096FC6F /* Build configuration list for PBXNativeTarget "Sentiment Bot" */ = {
			isa = XCConfigurationList;
			buildConfigurations = (
				F1B7E59A21E547460096FC6F /* Debug */,
				F1B7E59B21E547460096FC6F /* Release */,
			);
			defaultConfigurationIsVisible = 0;
			defaultConfigurationName = Release;
		};
/* End XCConfigurationList section */
	};
	rootObject = F1B7E57F21E547450096FC6F /* Project object */;
}
